
Microsoft Visual Studio Solution File, Format Version 12.00
# Visual Studio Version 17
VisualStudioVersion = 17.7.34221.43
MinimumVisualStudioVersion = 10.0.40219.1
Project("{FAE04EC0-301F-11D3-BF4B-00C04F79EFBC}") = "Cs50Week1", "Cs50Week1.csproj", "{0FA1DC08-27BB-42F7-9A1B-387139348B30}"
EndProject
Global
	GlobalSection(SolutionConfigurationPlatforms) = preSolution
		Debug|Any CPU = Debug|Any CPU
		Release|Any CPU = Release|Any CPU
	EndGlobalSection
	GlobalSection(ProjectConfigurationPlatforms) = postSolution
		{0FA1DC08-27BB-42F7-9A1B-387139348B30}.Debug|Any CPU.ActiveCfg = Debug|Any CPU
		{0FA1DC08-27BB-42F7-9A1B-387139348B30}.Debug|Any CPU.Build.0 = Debug|Any CPU
		{0FA1DC08-27BB-42F7-9A1B-387139348B30}.Release|Any CPU.ActiveCfg = Release|Any CPU
		{0FA1DC08-27BB-42F7-9A1B-387139348B30}.Release|Any CPU.Build.0 = Release|Any CPU
	EndGlobalSection
	GlobalSection(SolutionProperties) = preSolution
		HideSolutionNode = FALSE
	EndGlobalSection
	GlobalSection(ExtensibilityGlobals) = postSolution
		SolutionGuid = {AD01E458-069A-423D-9C48-13B5A8184E7C}
	EndGlobalSection
EndGlobal
